
Microsoft Visual Studio Solution File, Format Version 12.00
# Visual Studio 15
VisualStudioVersion = 15.0.27130.2010
MinimumVisualStudioVersion = 10.0.40219.1
Project("{FAE04EC0-301F-11D3-BF4B-00C04F79EFBC}") = "IDme", "IDme\IDme.csproj", "{9E4A18CC-6CE2-4A09-8E2B-138815B1D095}"
EndProject
Global
	GlobalSection(SolutionConfigurationPlatforms) = preSolution
		Debug|Any CPU = Debug|Any CPU
		Release|Any CPU = Release|Any CPU
	EndGlobalSection
	GlobalSection(ProjectConfigurationPlatforms) = postSolution
		{9E4A18CC-6CE2-4A09-8E2B-138815B1D095}.Debug|Any CPU.ActiveCfg = Debug|Any CPU
		{9E4A18CC-6CE2-4A09-8E2B-138815B1D095}.Debug|Any CPU.Build.0 = Debug|Any CPU
		{9E4A18CC-6CE2-4A09-8E2B-138815B1D095}.Release|Any CPU.ActiveCfg = Release|Any CPU
		{9E4A18CC-6CE2-4A09-8E2B-138815B1D095}.Release|Any CPU.Build.0 = Release|Any CPU
	EndGlobalSection
	GlobalSection(SolutionProperties) = preSolution
		HideSolutionNode = FALSE
	EndGlobalSection
	GlobalSection(ExtensibilityGlobals) = postSolution
		SolutionGuid = {BF104B1D-76B7-48B6-80BE-6079753FE489}
	EndGlobalSection
EndGlobal
